
Microsoft Visual Studio Solution File, Format Version 12.00
# Visual Studio Version 16
VisualStudioVersion = 16.0.29009.5
MinimumVisualStudioVersion = 10.0.40219.1
Project("{FAE04EC0-301F-11D3-BF4B-00C04F79EFBC}") = "ArraySelector", "ArraySelector\ArraySelector.csproj", "{C20C639A-B84C-4224-8DDE-0D1CF7BE90BE}"
EndProject
Global
	GlobalSection(SolutionConfigurationPlatforms) = preSolution
		Debug|Any CPU = Debug|Any CPU
		Release|Any CPU = Release|Any CPU
	EndGlobalSection
	GlobalSection(ProjectConfigurationPlatforms) = postSolution
		{C20C639A-B84C-4224-8DDE-0D1CF7BE90BE}.Debug|Any CPU.ActiveCfg = Debug|Any CPU
		{C20C639A-B84C-4224-8DDE-0D1CF7BE90BE}.Debug|Any CPU.Build.0 = Debug|Any CPU
		{C20C639A-B84C-4224-8DDE-0D1CF7BE90BE}.Release|Any CPU.ActiveCfg = Release|Any CPU
		{C20C639A-B84C-4224-8DDE-0D1CF7BE90BE}.Release|Any CPU.Build.0 = Release|Any CPU
	EndGlobalSection
	GlobalSection(SolutionProperties) = preSolution
		HideSolutionNode = FALSE
	EndGlobalSection
	GlobalSection(ExtensibilityGlobals) = postSolution
		SolutionGuid = {A519F0ED-1106-4F8D-83BA-D4845E1F98F8}
	EndGlobalSection
EndGlobal
